
Microsoft Visual Studio Solution File, Format Version 12.00
# Visual Studio Version 17
VisualStudioVersion = 17.3.32825.248
MinimumVisualStudioVersion = 10.0.40219.1
Project("{FAE04EC0-301F-11D3-BF4B-00C04F79EFBC}") = "QuizAPI", "QuizAPI\QuizAPI.csproj", "{9139897A-EE12-4D66-B970-987747CFDD95}"
EndProject
Global
	GlobalSection(SolutionConfigurationPlatforms) = preSolution
		Debug|Any CPU = Debug|Any CPU
		Release|Any CPU = Release|Any CPU
	EndGlobalSection
	GlobalSection(ProjectConfigurationPlatforms) = postSolution
		{9139897A-EE12-4D66-B970-987747CFDD95}.Debug|Any CPU.ActiveCfg = Debug|Any CPU
		{9139897A-EE12-4D66-B970-987747CFDD95}.Debug|Any CPU.Build.0 = Debug|Any CPU
		{9139897A-EE12-4D66-B970-987747CFDD95}.Release|Any CPU.ActiveCfg = Release|Any CPU
		{9139897A-EE12-4D66-B970-987747CFDD95}.Release|Any CPU.Build.0 = Release|Any CPU
	EndGlobalSection
	GlobalSection(SolutionProperties) = preSolution
		HideSolutionNode = FALSE
	EndGlobalSection
	GlobalSection(ExtensibilityGlobals) = postSolution
		SolutionGuid = {B82875F1-A6B7-4A11-A5CE-61E75A21062B}
	EndGlobalSection
EndGlobal
